
Microsoft Visual Studio Solution File, Format Version 12.00
# Visual Studio 2013
VisualStudioVersion = 12.0.20617.1 PREVIEW
MinimumVisualStudioVersion = 10.0.40219.1
Project("{FAE04EC0-301F-11D3-BF4B-00C04F79EFBC}") = "Abon", "Abon\Abon.csproj", "{364410C6-25F6-46F2-B4BF-3A5CEBB8D99D}"
EndProject
Project("{FAE04EC0-301F-11D3-BF4B-00C04F79EFBC}") = "Abon.Database", "Abon.Database\Abon.Database.csproj", "{45021D46-31ED-475E-9143-E7D1640384B8}"
EndProject
Project("{FAE04EC0-301F-11D3-BF4B-00C04F79EFBC}") = "Abon.Database.Model", "Abon.Database.Model\Abon.Database.Model.csproj", "{C45EDD0C-5D2C-416A-A10D-47727A000FB6}"
EndProject
Project("{FAE04EC0-301F-11D3-BF4B-00C04F79EFBC}") = "Abon.Dto", "Abon.Dto\Abon.Dto.csproj", "{FD882ADD-6C97-41CF-9166-EFBAE83C5887}"
EndProject
Project("{FAE04EC0-301F-11D3-BF4B-00C04F79EFBC}") = "Abon.BusinessLogic", "Abon.BusinessLogic\Abon.BusinessLogic.csproj", "{E09E7092-B5B3-4F06-9902-EEB4403ED6BA}"
EndProject
Global
	GlobalSection(SolutionConfigurationPlatforms) = preSolution
		Debug|Any CPU = Debug|Any CPU
		Release|Any CPU = Release|Any CPU
	EndGlobalSection
	GlobalSection(ProjectConfigurationPlatforms) = postSolution
		{364410C6-25F6-46F2-B4BF-3A5CEBB8D99D}.Debug|Any CPU.ActiveCfg = Debug|Any CPU
		{364410C6-25F6-46F2-B4BF-3A5CEBB8D99D}.Debug|Any CPU.Build.0 = Debug|Any CPU
		{364410C6-25F6-46F2-B4BF-3A5CEBB8D99D}.Release|Any CPU.ActiveCfg = Release|Any CPU
		{364410C6-25F6-46F2-B4BF-3A5CEBB8D99D}.Release|Any CPU.Build.0 = Release|Any CPU
		{45021D46-31ED-475E-9143-E7D1640384B8}.Debug|Any CPU.ActiveCfg = Debug|Any CPU
		{45021D46-31ED-475E-9143-E7D1640384B8}.Debug|Any CPU.Build.0 = Debug|Any CPU
		{45021D46-31ED-475E-9143-E7D1640384B8}.Release|Any CPU.ActiveCfg = Release|Any CPU
		{45021D46-31ED-475E-9143-E7D1640384B8}.Release|Any CPU.Build.0 = Release|Any CPU
		{C45EDD0C-5D2C-416A-A10D-47727A000FB6}.Debug|Any CPU.ActiveCfg = Debug|Any CPU
		{C45EDD0C-5D2C-416A-A10D-47727A000FB6}.Debug|Any CPU.Build.0 = Debug|Any CPU
		{C45EDD0C-5D2C-416A-A10D-47727A000FB6}.Release|Any CPU.ActiveCfg = Release|Any CPU
		{C45EDD0C-5D2C-416A-A10D-47727A000FB6}.Release|Any CPU.Build.0 = Release|Any CPU
		{FD882ADD-6C97-41CF-9166-EFBAE83C5887}.Debug|Any CPU.ActiveCfg = Debug|Any CPU
		{FD882ADD-6C97-41CF-9166-EFBAE83C5887}.Debug|Any CPU.Build.0 = Debug|Any CPU
		{FD882ADD-6C97-41CF-9166-EFBAE83C5887}.Release|Any CPU.ActiveCfg = Release|Any CPU
		{FD882ADD-6C97-41CF-9166-EFBAE83C5887}.Release|Any CPU.Build.0 = Release|Any CPU
		{E09E7092-B5B3-4F06-9902-EEB4403ED6BA}.Debug|Any CPU.ActiveCfg = Debug|Any CPU
		{E09E7092-B5B3-4F06-9902-EEB4403ED6BA}.Debug|Any CPU.Build.0 = Debug|Any CPU
		{E09E7092-B5B3-4F06-9902-EEB4403ED6BA}.Release|Any CPU.ActiveCfg = Release|Any CPU
		{E09E7092-B5B3-4F06-9902-EEB4403ED6BA}.Release|Any CPU.Build.0 = Release|Any CPU
	EndGlobalSection
	GlobalSection(SolutionProperties) = preSolution
		HideSolutionNode = FALSE
	EndGlobalSection
EndGlobal
